
Microsoft Visual Studio Solution File, Format Version 12.00
# Visual Studio Version 17
VisualStudioVersion = 17.14.36109.1 d17.14
MinimumVisualStudioVersion = 10.0.40219.1
Project("{FAE04EC0-301F-11D3-BF4B-00C04F79EFBC}") = "NZWalks.API", "NZWalks.API\NZWalks.API.csproj", "{D6A9DDF9-782E-4421-ABE9-C44BDE28AE95}"
EndProject
Global
	GlobalSection(SolutionConfigurationPlatforms) = preSolution
		Debug|Any CPU = Debug|Any CPU
		Release|Any CPU = Release|Any CPU
	EndGlobalSection
	GlobalSection(ProjectConfigurationPlatforms) = postSolution
		{D6A9DDF9-782E-4421-ABE9-C44BDE28AE95}.Debug|Any CPU.ActiveCfg = Debug|Any CPU
		{D6A9DDF9-782E-4421-ABE9-C44BDE28AE95}.Debug|Any CPU.Build.0 = Debug|Any CPU
		{D6A9DDF9-782E-4421-ABE9-C44BDE28AE95}.Release|Any CPU.ActiveCfg = Release|Any CPU
		{D6A9DDF9-782E-4421-ABE9-C44BDE28AE95}.Release|Any CPU.Build.0 = Release|Any CPU
	EndGlobalSection
	GlobalSection(SolutionProperties) = preSolution
		HideSolutionNode = FALSE
	EndGlobalSection
	GlobalSection(ExtensibilityGlobals) = postSolution
		SolutionGuid = {5E4F9D9C-1692-4081-9B6C-6DF5349F0BB5}
	EndGlobalSection
EndGlobal
